
Microsoft Visual Studio Solution File, Format Version 12.00
# Visual Studio 15
VisualStudioVersion = 15.0.28307.902
MinimumVisualStudioVersion = 10.0.40219.1
Project("{FAE04EC0-301F-11D3-BF4B-00C04F79EFBC}") = "EX7_5_2", "EX7_5_2\EX7_5_2.csproj", "{0C0440D8-D01E-4A22-B7BE-C1767EBE9BD0}"
EndProject
Global
	GlobalSection(SolutionConfigurationPlatforms) = preSolution
		Debug|Any CPU = Debug|Any CPU
		Release|Any CPU = Release|Any CPU
	EndGlobalSection
	GlobalSection(ProjectConfigurationPlatforms) = postSolution
		{0C0440D8-D01E-4A22-B7BE-C1767EBE9BD0}.Debug|Any CPU.ActiveCfg = Debug|Any CPU
		{0C0440D8-D01E-4A22-B7BE-C1767EBE9BD0}.Debug|Any CPU.Build.0 = Debug|Any CPU
		{0C0440D8-D01E-4A22-B7BE-C1767EBE9BD0}.Release|Any CPU.ActiveCfg = Release|Any CPU
		{0C0440D8-D01E-4A22-B7BE-C1767EBE9BD0}.Release|Any CPU.Build.0 = Release|Any CPU
	EndGlobalSection
	GlobalSection(SolutionProperties) = preSolution
		HideSolutionNode = FALSE
	EndGlobalSection
	GlobalSection(ExtensibilityGlobals) = postSolution
		SolutionGuid = {DFE2251F-C966-41DB-9E3C-CF0A15CEFF10}
	EndGlobalSection
EndGlobal
