
Microsoft Visual Studio Solution File, Format Version 12.00
# Visual Studio 15
VisualStudioVersion = 15.0.28307.902
MinimumVisualStudioVersion = 10.0.40219.1
Project("{FAE04EC0-301F-11D3-BF4B-00C04F79EFBC}") = "EX7_5_3", "EX7_5_3\EX7_5_3.csproj", "{CF303E39-60BE-4F17-BF40-02F9E6AAC614}"
EndProject
Global
	GlobalSection(SolutionConfigurationPlatforms) = preSolution
		Debug|Any CPU = Debug|Any CPU
		Release|Any CPU = Release|Any CPU
	EndGlobalSection
	GlobalSection(ProjectConfigurationPlatforms) = postSolution
		{CF303E39-60BE-4F17-BF40-02F9E6AAC614}.Debug|Any CPU.ActiveCfg = Debug|Any CPU
		{CF303E39-60BE-4F17-BF40-02F9E6AAC614}.Debug|Any CPU.Build.0 = Debug|Any CPU
		{CF303E39-60BE-4F17-BF40-02F9E6AAC614}.Release|Any CPU.ActiveCfg = Release|Any CPU
		{CF303E39-60BE-4F17-BF40-02F9E6AAC614}.Release|Any CPU.Build.0 = Release|Any CPU
	EndGlobalSection
	GlobalSection(SolutionProperties) = preSolution
		HideSolutionNode = FALSE
	EndGlobalSection
	GlobalSection(ExtensibilityGlobals) = postSolution
		SolutionGuid = {E934DACF-6B24-49D2-8E42-7B3A5D04A0EC}
	EndGlobalSection
EndGlobal
