
Microsoft Visual Studio Solution File, Format Version 12.00
# Visual Studio 15
VisualStudioVersion = 15.0.28307.902
MinimumVisualStudioVersion = 10.0.40219.1
Project("{FAE04EC0-301F-11D3-BF4B-00C04F79EFBC}") = "菜单设计", "菜单设计\菜单设计.csproj", "{06917659-1012-4DD4-8245-0E7F4975771C}"
EndProject
Global
	GlobalSection(SolutionConfigurationPlatforms) = preSolution
		Debug|Any CPU = Debug|Any CPU
		Release|Any CPU = Release|Any CPU
	EndGlobalSection
	GlobalSection(ProjectConfigurationPlatforms) = postSolution
		{06917659-1012-4DD4-8245-0E7F4975771C}.Debug|Any CPU.ActiveCfg = Debug|Any CPU
		{06917659-1012-4DD4-8245-0E7F4975771C}.Debug|Any CPU.Build.0 = Debug|Any CPU
		{06917659-1012-4DD4-8245-0E7F4975771C}.Release|Any CPU.ActiveCfg = Release|Any CPU
		{06917659-1012-4DD4-8245-0E7F4975771C}.Release|Any CPU.Build.0 = Release|Any CPU
	EndGlobalSection
	GlobalSection(SolutionProperties) = preSolution
		HideSolutionNode = FALSE
	EndGlobalSection
	GlobalSection(ExtensibilityGlobals) = postSolution
		SolutionGuid = {A14D04C1-83F1-4ABF-B9D6-D1F0F391C55D}
	EndGlobalSection
EndGlobal
