
Microsoft Visual Studio Solution File, Format Version 12.00
# Visual Studio 15
VisualStudioVersion = 15.0.28307.902
MinimumVisualStudioVersion = 10.0.40219.1
Project("{FAE04EC0-301F-11D3-BF4B-00C04F79EFBC}") = "Notepad", "Notepad\Notepad.csproj", "{CE7BB809-2464-4A72-902B-D32C60C725AD}"
EndProject
Global
	GlobalSection(SolutionConfigurationPlatforms) = preSolution
		Debug|Any CPU = Debug|Any CPU
		Release|Any CPU = Release|Any CPU
	EndGlobalSection
	GlobalSection(ProjectConfigurationPlatforms) = postSolution
		{CE7BB809-2464-4A72-902B-D32C60C725AD}.Debug|Any CPU.ActiveCfg = Debug|Any CPU
		{CE7BB809-2464-4A72-902B-D32C60C725AD}.Debug|Any CPU.Build.0 = Debug|Any CPU
		{CE7BB809-2464-4A72-902B-D32C60C725AD}.Release|Any CPU.ActiveCfg = Release|Any CPU
		{CE7BB809-2464-4A72-902B-D32C60C725AD}.Release|Any CPU.Build.0 = Release|Any CPU
	EndGlobalSection
	GlobalSection(SolutionProperties) = preSolution
		HideSolutionNode = FALSE
	EndGlobalSection
	GlobalSection(ExtensibilityGlobals) = postSolution
		SolutionGuid = {D2610A67-F29D-4F7E-93F2-029B749CE138}
	EndGlobalSection
EndGlobal
